
Microsoft Visual Studio Solution File, Format Version 12.00
# Visual Studio 15
VisualStudioVersion = 15.0.28307.421
MinimumVisualStudioVersion = 10.0.40219.1
Project("{FAE04EC0-301F-11D3-BF4B-00C04F79EFBC}") = "Backend", "Backend\Backend.csproj", "{ED1DCECE-6DF7-40B8-A24A-16EDD3674ECA}"
EndProject
Global
	GlobalSection(SolutionConfigurationPlatforms) = preSolution
		Debug|Any CPU = Debug|Any CPU
		Release|Any CPU = Release|Any CPU
	EndGlobalSection
	GlobalSection(ProjectConfigurationPlatforms) = postSolution
		{ED1DCECE-6DF7-40B8-A24A-16EDD3674ECA}.Debug|Any CPU.ActiveCfg = Debug|Any CPU
		{ED1DCECE-6DF7-40B8-A24A-16EDD3674ECA}.Debug|Any CPU.Build.0 = Debug|Any CPU
		{ED1DCECE-6DF7-40B8-A24A-16EDD3674ECA}.Release|Any CPU.ActiveCfg = Release|Any CPU
		{ED1DCECE-6DF7-40B8-A24A-16EDD3674ECA}.Release|Any CPU.Build.0 = Release|Any CPU
	EndGlobalSection
	GlobalSection(SolutionProperties) = preSolution
		HideSolutionNode = FALSE
	EndGlobalSection
	GlobalSection(ExtensibilityGlobals) = postSolution
		SolutionGuid = {2CEE85CF-9EB5-4BDB-93E9-748B15BAE4B8}
	EndGlobalSection
EndGlobal
